
Microsoft Visual Studio Solution File, Format Version 12.00
# Visual Studio Version 16
VisualStudioVersion = 16.0.29424.173
MinimumVisualStudioVersion = 10.0.40219.1
Project("{9A19103F-16F7-4668-BE54-9A1E7A4F7556}") = "FinanceHelper", "FinanceHelper\FinanceHelper.csproj", "{EB2760B5-74B6-4E90-B7EE-0EAC6CD66CE3}"
	ProjectSection(ProjectDependencies) = postProject
		{EC912C4D-9C26-4810-9188-F19D28BB8428} = {EC912C4D-9C26-4810-9188-F19D28BB8428}
	EndProjectSection
EndProject
Project("{9A19103F-16F7-4668-BE54-9A1E7A4F7556}") = "FinanceHelper.BLL", "FinanceHelper.BLL\FinanceHelper.BLL.csproj", "{1EA74EA2-F285-4B7F-B28D-9E93E8375991}"
EndProject
Project("{9A19103F-16F7-4668-BE54-9A1E7A4F7556}") = "FinanceHelper.Common", "FinanceHelper.Common\FinanceHelper.Common.csproj", "{7F972CD5-D40A-4EF5-9ABD-45CC5662B9C8}"
EndProject
Project("{9A19103F-16F7-4668-BE54-9A1E7A4F7556}") = "FinanceHelper.DAL", "FinanceHelper.DAL\FinanceHelper.DAL.csproj", "{097C6E76-0890-4C19-8EBC-7A175D89AF9E}"
EndProject
Project("{FAE04EC0-301F-11D3-BF4B-00C04F79EFBC}") = "FinanceHelper.DI", "FinanceHelper.DI\FinanceHelper.DI.csproj", "{EC912C4D-9C26-4810-9188-F19D28BB8428}"
EndProject
Global
	GlobalSection(SolutionConfigurationPlatforms) = preSolution
		Debug|Any CPU = Debug|Any CPU
		Release|Any CPU = Release|Any CPU
	EndGlobalSection
	GlobalSection(ProjectConfigurationPlatforms) = postSolution
		{EB2760B5-74B6-4E90-B7EE-0EAC6CD66CE3}.Debug|Any CPU.ActiveCfg = Debug|Any CPU
		{EB2760B5-74B6-4E90-B7EE-0EAC6CD66CE3}.Debug|Any CPU.Build.0 = Debug|Any CPU
		{EB2760B5-74B6-4E90-B7EE-0EAC6CD66CE3}.Release|Any CPU.ActiveCfg = Release|Any CPU
		{EB2760B5-74B6-4E90-B7EE-0EAC6CD66CE3}.Release|Any CPU.Build.0 = Release|Any CPU
		{1EA74EA2-F285-4B7F-B28D-9E93E8375991}.Debug|Any CPU.ActiveCfg = Debug|Any CPU
		{1EA74EA2-F285-4B7F-B28D-9E93E8375991}.Debug|Any CPU.Build.0 = Debug|Any CPU
		{1EA74EA2-F285-4B7F-B28D-9E93E8375991}.Release|Any CPU.ActiveCfg = Release|Any CPU
		{1EA74EA2-F285-4B7F-B28D-9E93E8375991}.Release|Any CPU.Build.0 = Release|Any CPU
		{7F972CD5-D40A-4EF5-9ABD-45CC5662B9C8}.Debug|Any CPU.ActiveCfg = Debug|Any CPU
		{7F972CD5-D40A-4EF5-9ABD-45CC5662B9C8}.Debug|Any CPU.Build.0 = Debug|Any CPU
		{7F972CD5-D40A-4EF5-9ABD-45CC5662B9C8}.Release|Any CPU.ActiveCfg = Release|Any CPU
		{7F972CD5-D40A-4EF5-9ABD-45CC5662B9C8}.Release|Any CPU.Build.0 = Release|Any CPU
		{097C6E76-0890-4C19-8EBC-7A175D89AF9E}.Debug|Any CPU.ActiveCfg = Debug|Any CPU
		{097C6E76-0890-4C19-8EBC-7A175D89AF9E}.Debug|Any CPU.Build.0 = Debug|Any CPU
		{097C6E76-0890-4C19-8EBC-7A175D89AF9E}.Release|Any CPU.ActiveCfg = Release|Any CPU
		{097C6E76-0890-4C19-8EBC-7A175D89AF9E}.Release|Any CPU.Build.0 = Release|Any CPU
		{EC912C4D-9C26-4810-9188-F19D28BB8428}.Debug|Any CPU.ActiveCfg = Debug|Any CPU
		{EC912C4D-9C26-4810-9188-F19D28BB8428}.Debug|Any CPU.Build.0 = Debug|Any CPU
		{EC912C4D-9C26-4810-9188-F19D28BB8428}.Release|Any CPU.ActiveCfg = Release|Any CPU
		{EC912C4D-9C26-4810-9188-F19D28BB8428}.Release|Any CPU.Build.0 = Release|Any CPU
	EndGlobalSection
	GlobalSection(SolutionProperties) = preSolution
		HideSolutionNode = FALSE
	EndGlobalSection
	GlobalSection(ExtensibilityGlobals) = postSolution
		SolutionGuid = {B36F83A4-D721-4FE5-BFCD-1D0617318C9D}
	EndGlobalSection
EndGlobal
